// !$*UTF8*$!
{
	archiveVersion = 1;
	classes = {
	};
	objectVersion = 77;
	objects = {

/* Begin PBXBuildFile section */
		813B826F2FC6F9B800967533 /* WWIntelligentAgent in Frameworks */ = {isa = PBXBuildFile; productRef = 813B826E2FC6F9B800967533 /* WWIntelligentAgent */; };
		813B82722FC6FA7E00967533 /* WWIntelligentAgent in Frameworks */ = {isa = PBXBuildFile; productRef = 813B82712FC6FA7E00967533 /* WWIntelligentAgent */; };
		8145355F2FC7EBA600861EF9 /* WWIntelligentAgent in Frameworks */ = {isa = PBXBuildFile; productRef = 8145355E2FC7EBA600861EF9 /* WWIntelligentAgent */; };
		814535652FC7ED8500861EF9 /* WWIntelligentAgent in Frameworks */ = {isa = PBXBuildFile; productRef = 814535642FC7ED8500861EF9 /* WWIntelligentAgent */; };
		8145356B2FC813CB00861EF9 /* WWIntelligentAgent in Frameworks */ = {isa = PBXBuildFile; productRef = 8145356A2FC813CB00861EF9 /* WWIntelligentAgent */; };
		814535712FC81F8B00861EF9 /* WWIntelligentAgent in Frameworks */ = {isa = PBXBuildFile; productRef = 814535702FC81F8B00861EF9 /* WWIntelligentAgent */; };
		814E3DE62FE1354000B4873A /* WWIntelligentAgent in Frameworks */ = {isa = PBXBuildFile; productRef = 814E3DE52FE1354000B4873A /* WWIntelligentAgent */; };
		8158438F2FC9392F00C7B915 /* WWIntelligentAgent in Frameworks */ = {isa = PBXBuildFile; productRef = 8158438E2FC9392F00C7B915 /* WWIntelligentAgent */; };
		815843952FC9610000C7B915 /* WWIntelligentAgent in Frameworks */ = {isa = PBXBuildFile; productRef = 815843942FC9610000C7B915 /* WWIntelligentAgent */; };
		8168E4B62FE148F100F347C2 /* WWIntelligentAgent in Frameworks */ = {isa = PBXBuildFile; productRef = 8168E4B52FE148F100F347C2 /* WWIntelligentAgent */; };
		8168E4B92FE149E200F347C2 /* WWIntelligentAgent in Frameworks */ = {isa = PBXBuildFile; productRef = 8168E4B82FE149E200F347C2 /* WWIntelligentAgent */; };
		8168E4BC2FE149FD00F347C2 /* WWIntelligentAgent in Frameworks */ = {isa = PBXBuildFile; productRef = 8168E4BB2FE149FD00F347C2 /* WWIntelligentAgent */; };
		8168E4BF2FE14A8A00F347C2 /* WWIntelligentAgent in Frameworks */ = {isa = PBXBuildFile; productRef = 8168E4BE2FE14A8A00F347C2 /* WWIntelligentAgent */; };
		819907912FC83F55005D6C98 /* WWIntelligentAgent in Frameworks */ = {isa = PBXBuildFile; productRef = 819907902FC83F55005D6C98 /* WWIntelligentAgent */; };
		81E4C2112FBD5CE6006CED91 /* WWIntelligentAgent in Frameworks */ = {isa = PBXBuildFile; productRef = 81E4C2102FBD5CE6006CED91 /* WWIntelligentAgent */; };
		81E4C22F2FBD65F2006CED91 /* WWIntelligentAgent in Frameworks */ = {isa = PBXBuildFile; productRef = 81E4C22E2FBD65F2006CED91 /* WWIntelligentAgent */; };
		81E4C2352FBD68D2006CED91 /* WWIntelligentAgent in Frameworks */ = {isa = PBXBuildFile; productRef = 81E4C2342FBD68D2006CED91 /* WWIntelligentAgent */; };
		81E4C23E2FBD8E0A006CED91 /* WWIntelligentAgent in Frameworks */ = {isa = PBXBuildFile; productRef = 81E4C23D2FBD8E0A006CED91 /* WWIntelligentAgent */; };
		81E4C2442FBD9BFF006CED91 /* WWIntelligentAgent in Frameworks */ = {isa = PBXBuildFile; productRef = 81E4C2432FBD9BFF006CED91 /* WWIntelligentAgent */; };
		81E4C24A2FBD9CF1006CED91 /* WWIntelligentAgent in Frameworks */ = {isa = PBXBuildFile; productRef = 81E4C2492FBD9CF1006CED91 /* WWIntelligentAgent */; };
		81E4C2502FBD9FBF006CED91 /* WWIntelligentAgent in Frameworks */ = {isa = PBXBuildFile; productRef = 81E4C24F2FBD9FBF006CED91 /* WWIntelligentAgent */; };
/* End PBXBuildFile section */

/* Begin PBXFileReference section */
		817EE1FE2EB1FA050036B57C /* Example.app */ = {isa = PBXFileReference; explicitFileType = wrapper.application; includeInIndex = 0; path = Example.app; sourceTree = BUILT_PRODUCTS_DIR; };
/* End PBXFileReference section */

/* Begin PBXFileSystemSynchronizedBuildFileExceptionSet section */
		817EE2552EB1FC4C0036B57C /* Exceptions for "Example" folder in "Example" target */ = {
			isa = PBXFileSystemSynchronizedBuildFileExceptionSet;
			membershipExceptions = (
				Setting/Info.plist,
			);
			target = 817EE1FD2EB1FA050036B57C /* Example */;
		};
/* End PBXFileSystemSynchronizedBuildFileExceptionSet section */

/* Begin PBXFileSystemSynchronizedRootGroup section */
		817EE24A2EB1FBB30036B57C /* Example */ = {
			isa = PBXFileSystemSynchronizedRootGroup;
			exceptions = (
				817EE2552EB1FC4C0036B57C /* Exceptions for "Example" folder in "Example" target */,
			);
			path = Example;
			sourceTree = "<group>";
		};
/* End PBXFileSystemSynchronizedRootGroup section */

/* Begin PBXFrameworksBuildPhase section */
		817EE1FB2EB1FA050036B57C /* Frameworks */ = {
			isa = PBXFrameworksBuildPhase;
			buildActionMask = 2147483647;
			files = (
				81E4C22F2FBD65F2006CED91 /* WWIntelligentAgent in Frameworks */,
				81E4C2502FBD9FBF006CED91 /* WWIntelligentAgent in Frameworks */,
				8168E4BC2FE149FD00F347C2 /* WWIntelligentAgent in Frameworks */,
				8158438F2FC9392F00C7B915 /* WWIntelligentAgent in Frameworks */,
				814535712FC81F8B00861EF9 /* WWIntelligentAgent in Frameworks */,
				8145356B2FC813CB00861EF9 /* WWIntelligentAgent in Frameworks */,
				814E3DE62FE1354000B4873A /* WWIntelligentAgent in Frameworks */,
				8145355F2FC7EBA600861EF9 /* WWIntelligentAgent in Frameworks */,
				8168E4BF2FE14A8A00F347C2 /* WWIntelligentAgent in Frameworks */,
				81E4C2112FBD5CE6006CED91 /* WWIntelligentAgent in Frameworks */,
				81E4C24A2FBD9CF1006CED91 /* WWIntelligentAgent in Frameworks */,
				81E4C2442FBD9BFF006CED91 /* WWIntelligentAgent in Frameworks */,
				819907912FC83F55005D6C98 /* WWIntelligentAgent in Frameworks */,
				813B82722FC6FA7E00967533 /* WWIntelligentAgent in Frameworks */,
				81E4C23E2FBD8E0A006CED91 /* WWIntelligentAgent in Frameworks */,
				814535652FC7ED8500861EF9 /* WWIntelligentAgent in Frameworks */,
				8168E4B62FE148F100F347C2 /* WWIntelligentAgent in Frameworks */,
				813B826F2FC6F9B800967533 /* WWIntelligentAgent in Frameworks */,
				8168E4B92FE149E200F347C2 /* WWIntelligentAgent in Frameworks */,
				815843952FC9610000C7B915 /* WWIntelligentAgent in Frameworks */,
				81E4C2352FBD68D2006CED91 /* WWIntelligentAgent in Frameworks */,
			);
			runOnlyForDeploymentPostprocessing = 0;
		};
/* End PBXFrameworksBuildPhase section */

/* Begin PBXGroup section */
		817EE1F52EB1FA050036B57C = {
			isa = PBXGroup;
			children = (
				817EE24A2EB1FBB30036B57C /* Example */,
				817EE1FF2EB1FA050036B57C /* Products */,
			);
			sourceTree = "<group>";
		};
		817EE1FF2EB1FA050036B57C /* Products */ = {
			isa = PBXGroup;
			children = (
				817EE1FE2EB1FA050036B57C /* Example.app */,
			);
			name = Products;
			sourceTree = "<group>";
		};
/* End PBXGroup section */

/* Begin PBXNativeTarget section */
		817EE1FD2EB1FA050036B57C /* Example */ = {
			isa = PBXNativeTarget;
			buildConfigurationList = 817EE2112EB1FA070036B57C /* Build configuration list for PBXNativeTarget "Example" */;
			buildPhases = (
				817EE1FA2EB1FA050036B57C /* Sources */,
				817EE1FB2EB1FA050036B57C /* Frameworks */,
				817EE1FC2EB1FA050036B57C /* Resources */,
			);
			buildRules = (
			);
			dependencies = (
			);
			fileSystemSynchronizedGroups = (
				817EE24A2EB1FBB30036B57C /* Example */,
			);
			name = Example;
			packageProductDependencies = (
				81E4C2102FBD5CE6006CED91 /* WWIntelligentAgent */,
				81E4C22E2FBD65F2006CED91 /* WWIntelligentAgent */,
				81E4C2342FBD68D2006CED91 /* WWIntelligentAgent */,
				81E4C23D2FBD8E0A006CED91 /* WWIntelligentAgent */,
				81E4C2432FBD9BFF006CED91 /* WWIntelligentAgent */,
				81E4C2492FBD9CF1006CED91 /* WWIntelligentAgent */,
				81E4C24F2FBD9FBF006CED91 /* WWIntelligentAgent */,
				813B826E2FC6F9B800967533 /* WWIntelligentAgent */,
				813B82712FC6FA7E00967533 /* WWIntelligentAgent */,
				8145355E2FC7EBA600861EF9 /* WWIntelligentAgent */,
				814535642FC7ED8500861EF9 /* WWIntelligentAgent */,
				8145356A2FC813CB00861EF9 /* WWIntelligentAgent */,
				814535702FC81F8B00861EF9 /* WWIntelligentAgent */,
				819907902FC83F55005D6C98 /* WWIntelligentAgent */,
				8158438E2FC9392F00C7B915 /* WWIntelligentAgent */,
				815843942FC9610000C7B915 /* WWIntelligentAgent */,
				814E3DE52FE1354000B4873A /* WWIntelligentAgent */,
				8168E4B52FE148F100F347C2 /* WWIntelligentAgent */,
				8168E4B82FE149E200F347C2 /* WWIntelligentAgent */,
				8168E4BB2FE149FD00F347C2 /* WWIntelligentAgent */,
				8168E4BE2FE14A8A00F347C2 /* WWIntelligentAgent */,
			);
			productName = Example;
			productReference = 817EE1FE2EB1FA050036B57C /* Example.app */;
			productType = "com.apple.product-type.application";
		};
/* End PBXNativeTarget section */

/* Begin PBXProject section */
		817EE1F62EB1FA050036B57C /* Project object */ = {
			isa = PBXProject;
			attributes = {
				BuildIndependentTargetsInParallel = 1;
				LastSwiftUpdateCheck = 1640;
				LastUpgradeCheck = 2630;
				TargetAttributes = {
					817EE1FD2EB1FA050036B57C = {
						CreatedOnToolsVersion = 16.4;
					};
				};
			};
			buildConfigurationList = 817EE1F92EB1FA050036B57C /* Build configuration list for PBXProject "Example" */;
			developmentRegion = en;
			hasScannedForEncodings = 0;
			knownRegions = (
				en,
				Base,
			);
			mainGroup = 817EE1F52EB1FA050036B57C;
			minimizedProjectReferenceProxies = 1;
			packageReferences = (
				8168E4BD2FE14A8A00F347C2 /* XCRemoteSwiftPackageReference "WWIntelligentAgent" */,
			);
			preferredProjectObjectVersion = 77;
			productRefGroup = 817EE1FF2EB1FA050036B57C /* Products */;
			projectDirPath = "";
			projectRoot = "";
			targets = (
				817EE1FD2EB1FA050036B57C /* Example */,
			);
		};
/* End PBXProject section */

/* Begin PBXResourcesBuildPhase section */
		817EE1FC2EB1FA050036B57C /* Resources */ = {
			isa = PBXResourcesBuildPhase;
			buildActionMask = 2147483647;
			files = (
			);
			runOnlyForDeploymentPostprocessing = 0;
		};
/* End PBXResourcesBuildPhase section */

/* Begin PBXSourcesBuildPhase section */
		817EE1FA2EB1FA050036B57C /* Sources */ = {
			isa = PBXSourcesBuildPhase;
			buildActionMask = 2147483647;
			files = (
			);
			runOnlyForDeploymentPostprocessing = 0;
		};
/* End PBXSourcesBuildPhase section */

/* Begin XCBuildConfiguration section */
		817EE2122EB1FA070036B57C /* Debug */ = {
			isa = XCBuildConfiguration;
			buildSettings = {
				ASSETCATALOG_COMPILER_APPICON_NAME = AppIcon;
				ASSETCATALOG_COMPILER_GLOBAL_ACCENT_COLOR_NAME = AccentColor;
				CODE_SIGN_STYLE = Automatic;
				CURRENT_PROJECT_VERSION = 1;
				DEVELOPMENT_TEAM = 4Q5CYDAG3B;
				GENERATE_INFOPLIST_FILE = YES;
				INFOPLIST_FILE = Example/Setting/Info.plist;
				INFOPLIST_KEY_UIApplicationSupportsIndirectInputEvents = YES;
				INFOPLIST_KEY_UILaunchStoryboardName = LaunchScreen;
				INFOPLIST_KEY_UIMainStoryboardFile = Main;
				INFOPLIST_KEY_UISupportedInterfaceOrientations_iPad = "UIInterfaceOrientationPortrait UIInterfaceOrientationPortraitUpsideDown UIInterfaceOrientationLandscapeLeft UIInterfaceOrientationLandscapeRight";
				INFOPLIST_KEY_UISupportedInterfaceOrientations_iPhone = "UIInterfaceOrientationPortrait UIInterfaceOrientationLandscapeLeft UIInterfaceOrientationLandscapeRight";
				INFOPLIST_KEY_UISupportsDocumentBrowser = YES;
				IPHONEOS_DEPLOYMENT_TARGET = 17.4;
				LD_RUNPATH_SEARCH_PATHS = (
					"$(inherited)",
					"@executable_path/Frameworks",
				);
				MARKETING_VERSION = 1.0;
				PRODUCT_BUNDLE_IDENTIFIER = idv.william..Example;
				PRODUCT_NAME = "$(TARGET_NAME)";
				SUPPORTED_PLATFORMS = "iphoneos iphonesimulator";
				SUPPORTS_MACCATALYST = NO;
				SUPPORTS_MAC_DESIGNED_FOR_IPHONE_IPAD = NO;
				SUPPORTS_XR_DESIGNED_FOR_IPHONE_IPAD = NO;
				SWIFT_EMIT_LOC_STRINGS = YES;
				SWIFT_VERSION = 5.0;
				TARGETED_DEVICE_FAMILY = 1;
			};
			name = Debug;
		};
		817EE2132EB1FA070036B57C /* Release */ = {
			isa = XCBuildConfiguration;
			buildSettings = {
				ASSETCATALOG_COMPILER_APPICON_NAME = AppIcon;
				ASSETCATALOG_COMPILER_GLOBAL_ACCENT_COLOR_NAME = AccentColor;
				CODE_SIGN_STYLE = Automatic;
				CURRENT_PROJECT_VERSION = 1;
				DEVELOPMENT_TEAM = 4Q5CYDAG3B;
				GENERATE_INFOPLIST_FILE = YES;
				INFOPLIST_FILE = Example/Setting/Info.plist;
				INFOPLIST_KEY_UIApplicationSupportsIndirectInputEvents = YES;
				INFOPLIST_KEY_UILaunchStoryboardName = LaunchScreen;
				INFOPLIST_KEY_UIMainStoryboardFile = Main;
				INFOPLIST_KEY_UISupportedInterfaceOrientations_iPad = "UIInterfaceOrientationPortrait UIInterfaceOrientationPortraitUpsideDown UIInterfaceOrientationLandscapeLeft UIInterfaceOrientationLandscapeRight";
				INFOPLIST_KEY_UISupportedInterfaceOrientations_iPhone = "UIInterfaceOrientationPortrait UIInterfaceOrientationLandscapeLeft UIInterfaceOrientationLandscapeRight";
				INFOPLIST_KEY_UISupportsDocumentBrowser = YES;
				IPHONEOS_DEPLOYMENT_TARGET = 17.4;
				LD_RUNPATH_SEARCH_PATHS = (
					"$(inherited)",
					"@executable_path/Frameworks",
				);
				MARKETING_VERSION = 1.0;
				PRODUCT_BUNDLE_IDENTIFIER = idv.william..Example;
				PRODUCT_NAME = "$(TARGET_NAME)";
				SUPPORTED_PLATFORMS = "iphoneos iphonesimulator";
				SUPPORTS_MACCATALYST = NO;
				SUPPORTS_MAC_DESIGNED_FOR_IPHONE_IPAD = NO;
				SUPPORTS_XR_DESIGNED_FOR_IPHONE_IPAD = NO;
				SWIFT_EMIT_LOC_STRINGS = YES;
				SWIFT_VERSION = 5.0;
				TARGETED_DEVICE_FAMILY = 1;
			};
			name = Release;
		};
		817EE2142EB1FA070036B57C /* Debug */ = {
			isa = XCBuildConfiguration;
			buildSettings = {
				ALWAYS_SEARCH_USER_PATHS = NO;
				ASSETCATALOG_COMPILER_GENERATE_SWIFT_ASSET_SYMBOL_EXTENSIONS = YES;
				CLANG_ANALYZER_NONNULL = YES;
				CLANG_ANALYZER_NUMBER_OBJECT_CONVERSION = YES_AGGRESSIVE;
				CLANG_CXX_LANGUAGE_STANDARD = "gnu++20";
				CLANG_ENABLE_MODULES = YES;
				CLANG_ENABLE_OBJC_ARC = YES;
				CLANG_ENABLE_OBJC_WEAK = YES;
				CLANG_WARN_BLOCK_CAPTURE_AUTORELEASING = YES;
				CLANG_WARN_BOOL_CONVERSION = YES;
				CLANG_WARN_COMMA = YES;
				CLANG_WARN_CONSTANT_CONVERSION = YES;
				CLANG_WARN_DEPRECATED_OBJC_IMPLEMENTATIONS = YES;
				CLANG_WARN_DIRECT_OBJC_ISA_USAGE = YES_ERROR;
				CLANG_WARN_DOCUMENTATION_COMMENTS = YES;
				CLANG_WARN_EMPTY_BODY = YES;
				CLANG_WARN_ENUM_CONVERSION = YES;
				CLANG_WARN_INFINITE_RECURSION = YES;
				CLANG_WARN_INT_CONVERSION = YES;
				CLANG_WARN_NON_LITERAL_NULL_CONVERSION = YES;
				CLANG_WARN_OBJC_IMPLICIT_RETAIN_SELF = YES;
				CLANG_WARN_OBJC_LITERAL_CONVERSION = YES;
				CLANG_WARN_OBJC_ROOT_CLASS = YES_ERROR;
				CLANG_WARN_QUOTED_INCLUDE_IN_FRAMEWORK_HEADER = YES;
				CLANG_WARN_RANGE_LOOP_ANALYSIS = YES;
				CLANG_WARN_STRICT_PROTOTYPES = YES;
				CLANG_WARN_SUSPICIOUS_MOVE = YES;
				CLANG_WARN_UNGUARDED_AVAILABILITY = YES_AGGRESSIVE;
				CLANG_WARN_UNREACHABLE_CODE = YES;
				CLANG_WARN__DUPLICATE_METHOD_MATCH = YES;
				COPY_PHASE_STRIP = NO;
				DEBUG_INFORMATION_FORMAT = dwarf;
				DEVELOPMENT_TEAM = 4Q5CYDAG3B;
				ENABLE_STRICT_OBJC_MSGSEND = YES;
				ENABLE_TESTABILITY = YES;
				ENABLE_USER_SCRIPT_SANDBOXING = YES;
				GCC_C_LANGUAGE_STANDARD = gnu17;
				GCC_DYNAMIC_NO_PIC = NO;
				GCC_NO_COMMON_BLOCKS = YES;
				GCC_OPTIMIZATION_LEVEL = 0;
				GCC_PREPROCESSOR_DEFINITIONS = (
					"DEBUG=1",
					"$(inherited)",
				);
				GCC_WARN_64_TO_32_BIT_CONVERSION = YES;
				GCC_WARN_ABOUT_RETURN_TYPE = YES_ERROR;
				GCC_WARN_UNDECLARED_SELECTOR = YES;
				GCC_WARN_UNINITIALIZED_AUTOS = YES_AGGRESSIVE;
				GCC_WARN_UNUSED_FUNCTION = YES;
				GCC_WARN_UNUSED_VARIABLE = YES;
				IPHONEOS_DEPLOYMENT_TARGET = 18.5;
				LOCALIZATION_PREFERS_STRING_CATALOGS = YES;
				MTL_ENABLE_DEBUG_INFO = INCLUDE_SOURCE;
				MTL_FAST_MATH = YES;
				ONLY_ACTIVE_ARCH = YES;
				SDKROOT = iphoneos;
				STRING_CATALOG_GENERATE_SYMBOLS = YES;
				SWIFT_ACTIVE_COMPILATION_CONDITIONS = "DEBUG $(inherited)";
				SWIFT_OPTIMIZATION_LEVEL = "-Onone";
			};
			name = Debug;
		};
		817EE2152EB1FA070036B57C /* Release */ = {
			isa = XCBuildConfiguration;
			buildSettings = {
				ALWAYS_SEARCH_USER_PATHS = NO;
				ASSETCATALOG_COMPILER_GENERATE_SWIFT_ASSET_SYMBOL_EXTENSIONS = YES;
				CLANG_ANALYZER_NONNULL = YES;
				CLANG_ANALYZER_NUMBER_OBJECT_CONVERSION = YES_AGGRESSIVE;
				CLANG_CXX_LANGUAGE_STANDARD = "gnu++20";
				CLANG_ENABLE_MODULES = YES;
				CLANG_ENABLE_OBJC_ARC = YES;
				CLANG_ENABLE_OBJC_WEAK = YES;
				CLANG_WARN_BLOCK_CAPTURE_AUTORELEASING = YES;
				CLANG_WARN_BOOL_CONVERSION = YES;
				CLANG_WARN_COMMA = YES;
				CLANG_WARN_CONSTANT_CONVERSION = YES;
				CLANG_WARN_DEPRECATED_OBJC_IMPLEMENTATIONS = YES;
				CLANG_WARN_DIRECT_OBJC_ISA_USAGE = YES_ERROR;
				CLANG_WARN_DOCUMENTATION_COMMENTS = YES;
				CLANG_WARN_EMPTY_BODY = YES;
				CLANG_WARN_ENUM_CONVERSION = YES;
				CLANG_WARN_INFINITE_RECURSION = YES;
				CLANG_WARN_INT_CONVERSION = YES;
				CLANG_WARN_NON_LITERAL_NULL_CONVERSION = YES;
				CLANG_WARN_OBJC_IMPLICIT_RETAIN_SELF = YES;
				CLANG_WARN_OBJC_LITERAL_CONVERSION = YES;
				CLANG_WARN_OBJC_ROOT_CLASS = YES_ERROR;
				CLANG_WARN_QUOTED_INCLUDE_IN_FRAMEWORK_HEADER = YES;
				CLANG_WARN_RANGE_LOOP_ANALYSIS = YES;
				CLANG_WARN_STRICT_PROTOTYPES = YES;
				CLANG_WARN_SUSPICIOUS_MOVE = YES;
				CLANG_WARN_UNGUARDED_AVAILABILITY = YES_AGGRESSIVE;
				CLANG_WARN_UNREACHABLE_CODE = YES;
				CLANG_WARN__DUPLICATE_METHOD_MATCH = YES;
				COPY_PHASE_STRIP = NO;
				DEBUG_INFORMATION_FORMAT = "dwarf-with-dsym";
				DEVELOPMENT_TEAM = 4Q5CYDAG3B;
				ENABLE_NS_ASSERTIONS = NO;
				ENABLE_STRICT_OBJC_MSGSEND = YES;
				ENABLE_USER_SCRIPT_SANDBOXING = YES;
				GCC_C_LANGUAGE_STANDARD = gnu17;
				GCC_NO_COMMON_BLOCKS = YES;
				GCC_WARN_64_TO_32_BIT_CONVERSION = YES;
				GCC_WARN_ABOUT_RETURN_TYPE = YES_ERROR;
				GCC_WARN_UNDECLARED_SELECTOR = YES;
				GCC_WARN_UNINITIALIZED_AUTOS = YES_AGGRESSIVE;
				GCC_WARN_UNUSED_FUNCTION = YES;
				GCC_WARN_UNUSED_VARIABLE = YES;
				IPHONEOS_DEPLOYMENT_TARGET = 18.5;
				LOCALIZATION_PREFERS_STRING_CATALOGS = YES;
				MTL_ENABLE_DEBUG_INFO = NO;
				MTL_FAST_MATH = YES;
				SDKROOT = iphoneos;
				STRING_CATALOG_GENERATE_SYMBOLS = YES;
				SWIFT_COMPILATION_MODE = wholemodule;
				VALIDATE_PRODUCT = YES;
			};
			name = Release;
		};
/* End XCBuildConfiguration section */

/* Begin XCConfigurationList section */
		817EE1F92EB1FA050036B57C /* Build configuration list for PBXProject "Example" */ = {
			isa = XCConfigurationList;
			buildConfigurations = (
				817EE2142EB1FA070036B57C /* Debug */,
				817EE2152EB1FA070036B57C /* Release */,
			);
			defaultConfigurationIsVisible = 0;
			defaultConfigurationName = Release;
		};
		817EE2112EB1FA070036B57C /* Build configuration list for PBXNativeTarget "Example" */ = {
			isa = XCConfigurationList;
			buildConfigurations = (
				817EE2122EB1FA070036B57C /* Debug */,
				817EE2132EB1FA070036B57C /* Release */,
			);
			defaultConfigurationIsVisible = 0;
			defaultConfigurationName = Release;
		};
/* End XCConfigurationList section */

/* Begin XCRemoteSwiftPackageReference section */
		8168E4BD2FE14A8A00F347C2 /* XCRemoteSwiftPackageReference "WWIntelligentAgent" */ = {
			isa = XCRemoteSwiftPackageReference;
			repositoryURL = "https://github.com/William-Weng/WWIntelligentAgent";
			requirement = {
				kind = upToNextMinorVersion;
				minimumVersion = 1.4.0;
			};
		};
/* End XCRemoteSwiftPackageReference section */

/* Begin XCSwiftPackageProductDependency section */
		813B826E2FC6F9B800967533 /* WWIntelligentAgent */ = {
			isa = XCSwiftPackageProductDependency;
			productName = WWIntelligentAgent;
		};
		813B82712FC6FA7E00967533 /* WWIntelligentAgent */ = {
			isa = XCSwiftPackageProductDependency;
			productName = WWIntelligentAgent;
		};
		8145355E2FC7EBA600861EF9 /* WWIntelligentAgent */ = {
			isa = XCSwiftPackageProductDependency;
			productName = WWIntelligentAgent;
		};
		814535642FC7ED8500861EF9 /* WWIntelligentAgent */ = {
			isa = XCSwiftPackageProductDependency;
			productName = WWIntelligentAgent;
		};
		8145356A2FC813CB00861EF9 /* WWIntelligentAgent */ = {
			isa = XCSwiftPackageProductDependency;
			productName = WWIntelligentAgent;
		};
		814535702FC81F8B00861EF9 /* WWIntelligentAgent */ = {
			isa = XCSwiftPackageProductDependency;
			productName = WWIntelligentAgent;
		};
		814E3DE52FE1354000B4873A /* WWIntelligentAgent */ = {
			isa = XCSwiftPackageProductDependency;
			productName = WWIntelligentAgent;
		};
		8158438E2FC9392F00C7B915 /* WWIntelligentAgent */ = {
			isa = XCSwiftPackageProductDependency;
			productName = WWIntelligentAgent;
		};
		815843942FC9610000C7B915 /* WWIntelligentAgent */ = {
			isa = XCSwiftPackageProductDependency;
			productName = WWIntelligentAgent;
		};
		8168E4B52FE148F100F347C2 /* WWIntelligentAgent */ = {
			isa = XCSwiftPackageProductDependency;
			productName = WWIntelligentAgent;
		};
		8168E4B82FE149E200F347C2 /* WWIntelligentAgent */ = {
			isa = XCSwiftPackageProductDependency;
			productName = WWIntelligentAgent;
		};
		8168E4BB2FE149FD00F347C2 /* WWIntelligentAgent */ = {
			isa = XCSwiftPackageProductDependency;
			productName = WWIntelligentAgent;
		};
		8168E4BE2FE14A8A00F347C2 /* WWIntelligentAgent */ = {
			isa = XCSwiftPackageProductDependency;
			package = 8168E4BD2FE14A8A00F347C2 /* XCRemoteSwiftPackageReference "WWIntelligentAgent" */;
			productName = WWIntelligentAgent;
		};
		819907902FC83F55005D6C98 /* WWIntelligentAgent */ = {
			isa = XCSwiftPackageProductDependency;
			productName = WWIntelligentAgent;
		};
		81E4C2102FBD5CE6006CED91 /* WWIntelligentAgent */ = {
			isa = XCSwiftPackageProductDependency;
			productName = WWIntelligentAgent;
		};
		81E4C22E2FBD65F2006CED91 /* WWIntelligentAgent */ = {
			isa = XCSwiftPackageProductDependency;
			productName = WWIntelligentAgent;
		};
		81E4C2342FBD68D2006CED91 /* WWIntelligentAgent */ = {
			isa = XCSwiftPackageProductDependency;
			productName = WWIntelligentAgent;
		};
		81E4C23D2FBD8E0A006CED91 /* WWIntelligentAgent */ = {
			isa = XCSwiftPackageProductDependency;
			productName = WWIntelligentAgent;
		};
		81E4C2432FBD9BFF006CED91 /* WWIntelligentAgent */ = {
			isa = XCSwiftPackageProductDependency;
			productName = WWIntelligentAgent;
		};
		81E4C2492FBD9CF1006CED91 /* WWIntelligentAgent */ = {
			isa = XCSwiftPackageProductDependency;
			productName = WWIntelligentAgent;
		};
		81E4C24F2FBD9FBF006CED91 /* WWIntelligentAgent */ = {
			isa = XCSwiftPackageProductDependency;
			productName = WWIntelligentAgent;
		};
/* End XCSwiftPackageProductDependency section */
	};
	rootObject = 817EE1F62EB1FA050036B57C /* Project object */;
}
