{
  "originHash" : "7c783d670eed278b81f01cb130e840dd083fc8d9b130d2b81ebdc97ea08e3253",
  "pins" : [
    {
      "identity" : "wwintelligentagent",
      "kind" : "remoteSourceControl",
      "location" : "https://github.com/William-Weng/WWIntelligentAgent",
      "state" : {
        "revision" : "d74eaa863e436adf3d68e716d6022ca17102ee5c",
        "version" : "1.2.4"
      }
    },
    {
      "identity" : "wwsqlite3manager",
      "kind" : "remoteSourceControl",
      "location" : "https://github.com/William-Weng/WWSQLite3Manager",
      "state" : {
        "revision" : "5c97f98dc8feb417874789fb557d572f4c907625",
        "version" : "2.3.0"
      }
    }
  ],
  "version" : 3
}
