{
  "originHash" : "713f6778c99cd40aeaa54f779d70fd80b8607be6e2039b7dd1cea387b4e04b92",
  "pins" : [
    {
      "identity" : "wwsqlite3manager",
      "kind" : "remoteSourceControl",
      "location" : "https://github.com/William-Weng/WWSQLite3Manager",
      "state" : {
        "revision" : "b2b984c645659cb396ebdbda7f3eeba19a46dfda",
        "version" : "2.2.2"
      }
    }
  ],
  "version" : 3
}
