{
  "originHash" : "7c783d670eed278b81f01cb130e840dd083fc8d9b130d2b81ebdc97ea08e3253",
  "pins" : [
    {
      "identity" : "wwintelligentagent",
      "kind" : "remoteSourceControl",
      "location" : "https://github.com/William-Weng/WWIntelligentAgent",
      "state" : {
        "revision" : "805caa24c2411ef495946188d86cc1e12b58005e",
        "version" : "1.2.3"
      }
    },
    {
      "identity" : "wwsqlite3manager",
      "kind" : "remoteSourceControl",
      "location" : "https://github.com/William-Weng/WWSQLite3Manager",
      "state" : {
        "revision" : "b2b984c645659cb396ebdbda7f3eeba19a46dfda",
        "version" : "2.2.2"
      }
    }
  ],
  "version" : 3
}
